
Microsoft Visual Studio Solution File, Format Version 12.00
# Visual Studio Version 17
VisualStudioVersion = 17.9.34902.65
MinimumVisualStudioVersion = 10.0.40219.1
Project("{FAE04EC0-301F-11D3-BF4B-00C04F79EFBC}") = "TVDCalculator", "TVDCalculator.csproj", "{072E1BC4-FC0D-482A-8B79-313EEA065A9B}"
EndProject
Global
	GlobalSection(SolutionConfigurationPlatforms) = preSolution
		Debug|Any CPU = Debug|Any CPU
		Release|Any CPU = Release|Any CPU
	EndGlobalSection
	GlobalSection(ProjectConfigurationPlatforms) = postSolution
		{072E1BC4-FC0D-482A-8B79-313EEA065A9B}.Debug|Any CPU.ActiveCfg = Debug|Any CPU
		{072E1BC4-FC0D-482A-8B79-313EEA065A9B}.Debug|Any CPU.Build.0 = Debug|Any CPU
		{072E1BC4-FC0D-482A-8B79-313EEA065A9B}.Release|Any CPU.ActiveCfg = Release|Any CPU
		{072E1BC4-FC0D-482A-8B79-313EEA065A9B}.Release|Any CPU.Build.0 = Release|Any CPU
	EndGlobalSection
	GlobalSection(SolutionProperties) = preSolution
		HideSolutionNode = FALSE
	EndGlobalSection
	GlobalSection(ExtensibilityGlobals) = postSolution
		SolutionGuid = {1A7ABFD6-7073-4B36-A622-98FD67E897EF}
	EndGlobalSection
EndGlobal
